
Microsoft Visual Studio Solution File, Format Version 12.00
# Visual Studio Version 17
VisualStudioVersion = 17.14.36414.22 d17.14
MinimumVisualStudioVersion = 10.0.40219.1
Project("{FAE04EC0-301F-11D3-BF4B-00C04F79EFBC}") = "B4_NumberConverter", "B4_NumberConverter.csproj", "{A2DC135E-6CFB-41AA-9BD5-D8E9653F8467}"
EndProject
Global
	GlobalSection(SolutionConfigurationPlatforms) = preSolution
		Debug|Any CPU = Debug|Any CPU
		Release|Any CPU = Release|Any CPU
	EndGlobalSection
	GlobalSection(ProjectConfigurationPlatforms) = postSolution
		{A2DC135E-6CFB-41AA-9BD5-D8E9653F8467}.Debug|Any CPU.ActiveCfg = Debug|Any CPU
		{A2DC135E-6CFB-41AA-9BD5-D8E9653F8467}.Debug|Any CPU.Build.0 = Debug|Any CPU
		{A2DC135E-6CFB-41AA-9BD5-D8E9653F8467}.Release|Any CPU.ActiveCfg = Release|Any CPU
		{A2DC135E-6CFB-41AA-9BD5-D8E9653F8467}.Release|Any CPU.Build.0 = Release|Any CPU
	EndGlobalSection
	GlobalSection(SolutionProperties) = preSolution
		HideSolutionNode = FALSE
	EndGlobalSection
	GlobalSection(ExtensibilityGlobals) = postSolution
		SolutionGuid = {18791C09-B583-4E54-8806-5A6BD9466117}
	EndGlobalSection
EndGlobal
